// !$*UTF8*$!
{
	archiveVersion = 1;
	classes = {
	};
	objectVersion = 56;
	objects = {

/* Begin PBXBuildFile section */
		E4AF04892C54BB4B00BDC677 /* SDWebImage in Frameworks */ = {isa = PBXBuildFile; productRef = E4AF04882C54BB4B00BDC677 /* SDWebImage */; };
		E4D4CC652C54962900B594B6 /* AppDelegate.swift in Sources */ = {isa = PBXBuildFile; fileRef = E4D4CC642C54962900B594B6 /* AppDelegate.swift */; };
		E4D4CC672C54962900B594B6 /* SceneDelegate.swift in Sources */ = {isa = PBXBuildFile; fileRef = E4D4CC662C54962900B594B6 /* SceneDelegate.swift */; };
		E4D4CC692C54962900B594B6 /* HomeVC.swift in Sources */ = {isa = PBXBuildFile; fileRef = E4D4CC682C54962900B594B6 /* HomeVC.swift */; };
		E4D4CC6C2C54962900B594B6 /* Main.storyboard in Resources */ = {isa = PBXBuildFile; fileRef = E4D4CC6A2C54962900B594B6 /* Main.storyboard */; };
		E4D4CC6F2C54962900B594B6 /* ShoppingApp.xcdatamodeld in Sources */ = {isa = PBXBuildFile; fileRef = E4D4CC6D2C54962900B594B6 /* ShoppingApp.xcdatamodeld */; };
		E4D4CC712C54962A00B594B6 /* Assets.xcassets in Resources */ = {isa = PBXBuildFile; fileRef = E4D4CC702C54962A00B594B6 /* Assets.xcassets */; };
		E4D4CC742C54962A00B594B6 /* LaunchScreen.storyboard in Resources */ = {isa = PBXBuildFile; fileRef = E4D4CC722C54962A00B594B6 /* LaunchScreen.storyboard */; };
		E4D4CC812C5497CA00B594B6 /* ResponseModel.swift in Sources */ = {isa = PBXBuildFile; fileRef = E4D4CC802C5497CA00B594B6 /* ResponseModel.swift */; };
		E4D4CC832C5497E600B594B6 /* FileService.swift in Sources */ = {isa = PBXBuildFile; fileRef = E4D4CC822C5497E600B594B6 /* FileService.swift */; };
		E4D4CC852C54996200B594B6 /* HomeViewModel.swift in Sources */ = {isa = PBXBuildFile; fileRef = E4D4CC842C54996200B594B6 /* HomeViewModel.swift */; };
		E4D4CC872C549A2300B594B6 /* Products.json in Resources */ = {isa = PBXBuildFile; fileRef = E4D4CC862C549A2300B594B6 /* Products.json */; };
		E4D4CC892C54A00800B594B6 /* DatabaseService.swift in Sources */ = {isa = PBXBuildFile; fileRef = E4D4CC882C54A00800B594B6 /* DatabaseService.swift */; };
		E4D4CC8C2C54B2BF00B594B6 /* CategoryCell.swift in Sources */ = {isa = PBXBuildFile; fileRef = E4D4CC8A2C54B2BF00B594B6 /* CategoryCell.swift */; };
		E4D4CC8D2C54B2BF00B594B6 /* CategoryCell.xib in Resources */ = {isa = PBXBuildFile; fileRef = E4D4CC8B2C54B2BF00B594B6 /* CategoryCell.xib */; };
		E4D4CC902C54B47000B594B6 /* ItemCell.swift in Sources */ = {isa = PBXBuildFile; fileRef = E4D4CC8E2C54B47000B594B6 /* ItemCell.swift */; };
		E4D4CC912C54B47000B594B6 /* ItemCell.xib in Resources */ = {isa = PBXBuildFile; fileRef = E4D4CC8F2C54B47000B594B6 /* ItemCell.xib */; };
/* End PBXBuildFile section */

/* Begin PBXFileReference section */
		E4D4CC612C54962900B594B6 /* ShoppingApp.app */ = {isa = PBXFileReference; explicitFileType = wrapper.application; includeInIndex = 0; path = ShoppingApp.app; sourceTree = BUILT_PRODUCTS_DIR; };
		E4D4CC642C54962900B594B6 /* AppDelegate.swift */ = {isa = PBXFileReference; lastKnownFileType = sourcecode.swift; path = AppDelegate.swift; sourceTree = "<group>"; };
		E4D4CC662C54962900B594B6 /* SceneDelegate.swift */ = {isa = PBXFileReference; lastKnownFileType = sourcecode.swift; path = SceneDelegate.swift; sourceTree = "<group>"; };
		E4D4CC682C54962900B594B6 /* HomeVC.swift */ = {isa = PBXFileReference; lastKnownFileType = sourcecode.swift; path = HomeVC.swift; sourceTree = "<group>"; };
		E4D4CC6B2C54962900B594B6 /* Base */ = {isa = PBXFileReference; lastKnownFileType = file.storyboard; name = Base; path = Base.lproj/Main.storyboard; sourceTree = "<group>"; };
		E4D4CC6E2C54962900B594B6 /* ShoppingApp.xcdatamodel */ = {isa = PBXFileReference; lastKnownFileType = wrapper.xcdatamodel; path = ShoppingApp.xcdatamodel; sourceTree = "<group>"; };
		E4D4CC702C54962A00B594B6 /* Assets.xcassets */ = {isa = PBXFileReference; lastKnownFileType = folder.assetcatalog; path = Assets.xcassets; sourceTree = "<group>"; };
		E4D4CC732C54962A00B594B6 /* Base */ = {isa = PBXFileReference; lastKnownFileType = file.storyboard; name = Base; path = Base.lproj/LaunchScreen.storyboard; sourceTree = "<group>"; };
		E4D4CC752C54962A00B594B6 /* Info.plist */ = {isa = PBXFileReference; lastKnownFileType = text.plist.xml; path = Info.plist; sourceTree = "<group>"; };
		E4D4CC802C5497CA00B594B6 /* ResponseModel.swift */ = {isa = PBXFileReference; lastKnownFileType = sourcecode.swift; path = ResponseModel.swift; sourceTree = "<group>"; };
		E4D4CC822C5497E600B594B6 /* FileService.swift */ = {isa = PBXFileReference; lastKnownFileType = sourcecode.swift; path = FileService.swift; sourceTree = "<group>"; };
		E4D4CC842C54996200B594B6 /* HomeViewModel.swift */ = {isa = PBXFileReference; lastKnownFileType = sourcecode.swift; path = HomeViewModel.swift; sourceTree = "<group>"; };
		E4D4CC862C549A2300B594B6 /* Products.json */ = {isa = PBXFileReference; fileEncoding = 4; lastKnownFileType = text.json; path = Products.json; sourceTree = "<group>"; };
		E4D4CC882C54A00800B594B6 /* DatabaseService.swift */ = {isa = PBXFileReference; lastKnownFileType = sourcecode.swift; path = DatabaseService.swift; sourceTree = "<group>"; };
		E4D4CC8A2C54B2BF00B594B6 /* CategoryCell.swift */ = {isa = PBXFileReference; lastKnownFileType = sourcecode.swift; path = CategoryCell.swift; sourceTree = "<group>"; };
		E4D4CC8B2C54B2BF00B594B6 /* CategoryCell.xib */ = {isa = PBXFileReference; lastKnownFileType = file.xib; path = CategoryCell.xib; sourceTree = "<group>"; };
		E4D4CC8E2C54B47000B594B6 /* ItemCell.swift */ = {isa = PBXFileReference; lastKnownFileType = sourcecode.swift; path = ItemCell.swift; sourceTree = "<group>"; };
		E4D4CC8F2C54B47000B594B6 /* ItemCell.xib */ = {isa = PBXFileReference; lastKnownFileType = file.xib; path = ItemCell.xib; sourceTree = "<group>"; };
/* End PBXFileReference section */

/* Begin PBXFrameworksBuildPhase section */
		E4D4CC5E2C54962900B594B6 /* Frameworks */ = {
			isa = PBXFrameworksBuildPhase;
			buildActionMask = 2147483647;
			files = (
				E4AF04892C54BB4B00BDC677 /* SDWebImage in Frameworks */,
			);
			runOnlyForDeploymentPostprocessing = 0;
		};
/* End PBXFrameworksBuildPhase section */

/* Begin PBXGroup section */
		E4D4CC582C54962900B594B6 = {
			isa = PBXGroup;
			children = (
				E4D4CC632C54962900B594B6 /* ShoppingApp */,
				E4D4CC622C54962900B594B6 /* Products */,
			);
			sourceTree = "<group>";
		};
		E4D4CC622C54962900B594B6 /* Products */ = {
			isa = PBXGroup;
			children = (
				E4D4CC612C54962900B594B6 /* ShoppingApp.app */,
			);
			name = Products;
			sourceTree = "<group>";
		};
		E4D4CC632C54962900B594B6 /* ShoppingApp */ = {
			isa = PBXGroup;
			children = (
				E4D4CC862C549A2300B594B6 /* Products.json */,
				E4D4CC7F2C54977400B594B6 /* Service */,
				E4D4CC7E2C54976F00B594B6 /* Controller */,
				E4D4CC7D2C54976800B594B6 /* ViewModel */,
				E4D4CC7C2C54976300B594B6 /* View */,
				E4D4CC7B2C54975E00B594B6 /* Model */,
				E4D4CC642C54962900B594B6 /* AppDelegate.swift */,
				E4D4CC662C54962900B594B6 /* SceneDelegate.swift */,
				E4D4CC6A2C54962900B594B6 /* Main.storyboard */,
				E4D4CC702C54962A00B594B6 /* Assets.xcassets */,
				E4D4CC722C54962A00B594B6 /* LaunchScreen.storyboard */,
				E4D4CC752C54962A00B594B6 /* Info.plist */,
				E4D4CC6D2C54962900B594B6 /* ShoppingApp.xcdatamodeld */,
			);
			path = ShoppingApp;
			sourceTree = "<group>";
		};
		E4D4CC7B2C54975E00B594B6 /* Model */ = {
			isa = PBXGroup;
			children = (
				E4D4CC802C5497CA00B594B6 /* ResponseModel.swift */,
			);
			path = Model;
			sourceTree = "<group>";
		};
		E4D4CC7C2C54976300B594B6 /* View */ = {
			isa = PBXGroup;
			children = (
				E4D4CC8A2C54B2BF00B594B6 /* CategoryCell.swift */,
				E4D4CC8B2C54B2BF00B594B6 /* CategoryCell.xib */,
				E4D4CC8E2C54B47000B594B6 /* ItemCell.swift */,
				E4D4CC8F2C54B47000B594B6 /* ItemCell.xib */,
			);
			path = View;
			sourceTree = "<group>";
		};
		E4D4CC7D2C54976800B594B6 /* ViewModel */ = {
			isa = PBXGroup;
			children = (
				E4D4CC842C54996200B594B6 /* HomeViewModel.swift */,
			);
			path = ViewModel;
			sourceTree = "<group>";
		};
		E4D4CC7E2C54976F00B594B6 /* Controller */ = {
			isa = PBXGroup;
			children = (
				E4D4CC682C54962900B594B6 /* HomeVC.swift */,
			);
			path = Controller;
			sourceTree = "<group>";
		};
		E4D4CC7F2C54977400B594B6 /* Service */ = {
			isa = PBXGroup;
			children = (
				E4D4CC822C5497E600B594B6 /* FileService.swift */,
				E4D4CC882C54A00800B594B6 /* DatabaseService.swift */,
			);
			path = Service;
			sourceTree = "<group>";
		};
/* End PBXGroup section */

/* Begin PBXNativeTarget section */
		E4D4CC602C54962900B594B6 /* ShoppingApp */ = {
			isa = PBXNativeTarget;
			buildConfigurationList = E4D4CC782C54962A00B594B6 /* Build configuration list for PBXNativeTarget "ShoppingApp" */;
			buildPhases = (
				E4D4CC5D2C54962900B594B6 /* Sources */,
				E4D4CC5E2C54962900B594B6 /* Frameworks */,
				E4D4CC5F2C54962900B594B6 /* Resources */,
			);
			buildRules = (
			);
			dependencies = (
			);
			name = ShoppingApp;
			packageProductDependencies = (
				E4AF04882C54BB4B00BDC677 /* SDWebImage */,
			);
			productName = ShoppingApp;
			productReference = E4D4CC612C54962900B594B6 /* ShoppingApp.app */;
			productType = "com.apple.product-type.application";
		};
/* End PBXNativeTarget section */

/* Begin PBXProject section */
		E4D4CC592C54962900B594B6 /* Project object */ = {
			isa = PBXProject;
			attributes = {
				BuildIndependentTargetsInParallel = 1;
				LastSwiftUpdateCheck = 1510;
				LastUpgradeCheck = 1510;
				TargetAttributes = {
					E4D4CC602C54962900B594B6 = {
						CreatedOnToolsVersion = 15.1;
					};
				};
			};
			buildConfigurationList = E4D4CC5C2C54962900B594B6 /* Build configuration list for PBXProject "ShoppingApp" */;
			compatibilityVersion = "Xcode 14.0";
			developmentRegion = en;
			hasScannedForEncodings = 0;
			knownRegions = (
				en,
				Base,
			);
			mainGroup = E4D4CC582C54962900B594B6;
			packageReferences = (
				E4AF04872C54BB4B00BDC677 /* XCRemoteSwiftPackageReference "SDWebImage" */,
			);
			productRefGroup = E4D4CC622C54962900B594B6 /* Products */;
			projectDirPath = "";
			projectRoot = "";
			targets = (
				E4D4CC602C54962900B594B6 /* ShoppingApp */,
			);
		};
/* End PBXProject section */

/* Begin PBXResourcesBuildPhase section */
		E4D4CC5F2C54962900B594B6 /* Resources */ = {
			isa = PBXResourcesBuildPhase;
			buildActionMask = 2147483647;
			files = (
				E4D4CC8D2C54B2BF00B594B6 /* CategoryCell.xib in Resources */,
				E4D4CC742C54962A00B594B6 /* LaunchScreen.storyboard in Resources */,
				E4D4CC912C54B47000B594B6 /* ItemCell.xib in Resources */,
				E4D4CC872C549A2300B594B6 /* Products.json in Resources */,
				E4D4CC712C54962A00B594B6 /* Assets.xcassets in Resources */,
				E4D4CC6C2C54962900B594B6 /* Main.storyboard in Resources */,
			);
			runOnlyForDeploymentPostprocessing = 0;
		};
/* End PBXResourcesBuildPhase section */

/* Begin PBXSourcesBuildPhase section */
		E4D4CC5D2C54962900B594B6 /* Sources */ = {
			isa = PBXSourcesBuildPhase;
			buildActionMask = 2147483647;
			files = (
				E4D4CC692C54962900B594B6 /* HomeVC.swift in Sources */,
				E4D4CC6F2C54962900B594B6 /* ShoppingApp.xcdatamodeld in Sources */,
				E4D4CC852C54996200B594B6 /* HomeViewModel.swift in Sources */,
				E4D4CC652C54962900B594B6 /* AppDelegate.swift in Sources */,
				E4D4CC902C54B47000B594B6 /* ItemCell.swift in Sources */,
				E4D4CC812C5497CA00B594B6 /* ResponseModel.swift in Sources */,
				E4D4CC8C2C54B2BF00B594B6 /* CategoryCell.swift in Sources */,
				E4D4CC832C5497E600B594B6 /* FileService.swift in Sources */,
				E4D4CC892C54A00800B594B6 /* DatabaseService.swift in Sources */,
				E4D4CC672C54962900B594B6 /* SceneDelegate.swift in Sources */,
			);
			runOnlyForDeploymentPostprocessing = 0;
		};
/* End PBXSourcesBuildPhase section */

/* Begin PBXVariantGroup section */
		E4D4CC6A2C54962900B594B6 /* Main.storyboard */ = {
			isa = PBXVariantGroup;
			children = (
				E4D4CC6B2C54962900B594B6 /* Base */,
			);
			name = Main.storyboard;
			sourceTree = "<group>";
		};
		E4D4CC722C54962A00B594B6 /* LaunchScreen.storyboard */ = {
			isa = PBXVariantGroup;
			children = (
				E4D4CC732C54962A00B594B6 /* Base */,
			);
			name = LaunchScreen.storyboard;
			sourceTree = "<group>";
		};
/* End PBXVariantGroup section */

/* Begin XCBuildConfiguration section */
		E4D4CC762C54962A00B594B6 /* Debug */ = {
			isa = XCBuildConfiguration;
			buildSettings = {
				ALWAYS_SEARCH_USER_PATHS = NO;
				ASSETCATALOG_COMPILER_GENERATE_SWIFT_ASSET_SYMBOL_EXTENSIONS = YES;
				CLANG_ANALYZER_NONNULL = YES;
				CLANG_ANALYZER_NUMBER_OBJECT_CONVERSION = YES_AGGRESSIVE;
				CLANG_CXX_LANGUAGE_STANDARD = "gnu++20";
				CLANG_ENABLE_MODULES = YES;
				CLANG_ENABLE_OBJC_ARC = YES;
				CLANG_ENABLE_OBJC_WEAK = YES;
				CLANG_WARN_BLOCK_CAPTURE_AUTORELEASING = YES;
				CLANG_WARN_BOOL_CONVERSION = YES;
				CLANG_WARN_COMMA = YES;
				CLANG_WARN_CONSTANT_CONVERSION = YES;
				CLANG_WARN_DEPRECATED_OBJC_IMPLEMENTATIONS = YES;
				CLANG_WARN_DIRECT_OBJC_ISA_USAGE = YES_ERROR;
				CLANG_WARN_DOCUMENTATION_COMMENTS = YES;
				CLANG_WARN_EMPTY_BODY = YES;
				CLANG_WARN_ENUM_CONVERSION = YES;
				CLANG_WARN_INFINITE_RECURSION = YES;
				CLANG_WARN_INT_CONVERSION = YES;
				CLANG_WARN_NON_LITERAL_NULL_CONVERSION = YES;
				CLANG_WARN_OBJC_IMPLICIT_RETAIN_SELF = YES;
				CLANG_WARN_OBJC_LITERAL_CONVERSION = YES;
				CLANG_WARN_OBJC_ROOT_CLASS = YES_ERROR;
				CLANG_WARN_QUOTED_INCLUDE_IN_FRAMEWORK_HEADER = YES;
				CLANG_WARN_RANGE_LOOP_ANALYSIS = YES;
				CLANG_WARN_STRICT_PROTOTYPES = YES;
				CLANG_WARN_SUSPICIOUS_MOVE = YES;
				CLANG_WARN_UNGUARDED_AVAILABILITY = YES_AGGRESSIVE;
				CLANG_WARN_UNREACHABLE_CODE = YES;
				CLANG_WARN__DUPLICATE_METHOD_MATCH = YES;
				COPY_PHASE_STRIP = NO;
				DEBUG_INFORMATION_FORMAT = dwarf;
				ENABLE_STRICT_OBJC_MSGSEND = YES;
				ENABLE_TESTABILITY = YES;
				ENABLE_USER_SCRIPT_SANDBOXING = YES;
				GCC_C_LANGUAGE_STANDARD = gnu17;
				GCC_DYNAMIC_NO_PIC = NO;
				GCC_NO_COMMON_BLOCKS = YES;
				GCC_OPTIMIZATION_LEVEL = 0;
				GCC_PREPROCESSOR_DEFINITIONS = (
					"DEBUG=1",
					"$(inherited)",
				);
				GCC_WARN_64_TO_32_BIT_CONVERSION = YES;
				GCC_WARN_ABOUT_RETURN_TYPE = YES_ERROR;
				GCC_WARN_UNDECLARED_SELECTOR = YES;
				GCC_WARN_UNINITIALIZED_AUTOS = YES_AGGRESSIVE;
				GCC_WARN_UNUSED_FUNCTION = YES;
				GCC_WARN_UNUSED_VARIABLE = YES;
				IPHONEOS_DEPLOYMENT_TARGET = 17.2;
				LOCALIZATION_PREFERS_STRING_CATALOGS = YES;
				MTL_ENABLE_DEBUG_INFO = INCLUDE_SOURCE;
				MTL_FAST_MATH = YES;
				ONLY_ACTIVE_ARCH = YES;
				SDKROOT = iphoneos;
				SWIFT_ACTIVE_COMPILATION_CONDITIONS = "DEBUG $(inherited)";
				SWIFT_OPTIMIZATION_LEVEL = "-Onone";
			};
			name = Debug;
		};
		E4D4CC772C54962A00B594B6 /* Release */ = {
			isa = XCBuildConfiguration;
			buildSettings = {
				ALWAYS_SEARCH_USER_PATHS = NO;
				ASSETCATALOG_COMPILER_GENERATE_SWIFT_ASSET_SYMBOL_EXTENSIONS = YES;
				CLANG_ANALYZER_NONNULL = YES;
				CLANG_ANALYZER_NUMBER_OBJECT_CONVERSION = YES_AGGRESSIVE;
				CLANG_CXX_LANGUAGE_STANDARD = "gnu++20";
				CLANG_ENABLE_MODULES = YES;
				CLANG_ENABLE_OBJC_ARC = YES;
				CLANG_ENABLE_OBJC_WEAK = YES;
				CLANG_WARN_BLOCK_CAPTURE_AUTORELEASING = YES;
				CLANG_WARN_BOOL_CONVERSION = YES;
				CLANG_WARN_COMMA = YES;
				CLANG_WARN_CONSTANT_CONVERSION = YES;
				CLANG_WARN_DEPRECATED_OBJC_IMPLEMENTATIONS = YES;
				CLANG_WARN_DIRECT_OBJC_ISA_USAGE = YES_ERROR;
				CLANG_WARN_DOCUMENTATION_COMMENTS = YES;
				CLANG_WARN_EMPTY_BODY = YES;
				CLANG_WARN_ENUM_CONVERSION = YES;
				CLANG_WARN_INFINITE_RECURSION = YES;
				CLANG_WARN_INT_CONVERSION = YES;
				CLANG_WARN_NON_LITERAL_NULL_CONVERSION = YES;
				CLANG_WARN_OBJC_IMPLICIT_RETAIN_SELF = YES;
				CLANG_WARN_OBJC_LITERAL_CONVERSION = YES;
				CLANG_WARN_OBJC_ROOT_CLASS = YES_ERROR;
				CLANG_WARN_QUOTED_INCLUDE_IN_FRAMEWORK_HEADER = YES;
				CLANG_WARN_RANGE_LOOP_ANALYSIS = YES;
				CLANG_WARN_STRICT_PROTOTYPES = YES;
				CLANG_WARN_SUSPICIOUS_MOVE = YES;
				CLANG_WARN_UNGUARDED_AVAILABILITY = YES_AGGRESSIVE;
				CLANG_WARN_UNREACHABLE_CODE = YES;
				CLANG_WARN__DUPLICATE_METHOD_MATCH = YES;
				COPY_PHASE_STRIP = NO;
				DEBUG_INFORMATION_FORMAT = "dwarf-with-dsym";
				ENABLE_NS_ASSERTIONS = NO;
				ENABLE_STRICT_OBJC_MSGSEND = YES;
				ENABLE_USER_SCRIPT_SANDBOXING = YES;
				GCC_C_LANGUAGE_STANDARD = gnu17;
				GCC_NO_COMMON_BLOCKS = YES;
				GCC_WARN_64_TO_32_BIT_CONVERSION = YES;
				GCC_WARN_ABOUT_RETURN_TYPE = YES_ERROR;
				GCC_WARN_UNDECLARED_SELECTOR = YES;
				GCC_WARN_UNINITIALIZED_AUTOS = YES_AGGRESSIVE;
				GCC_WARN_UNUSED_FUNCTION = YES;
				GCC_WARN_UNUSED_VARIABLE = YES;
				IPHONEOS_DEPLOYMENT_TARGET = 17.2;
				LOCALIZATION_PREFERS_STRING_CATALOGS = YES;
				MTL_ENABLE_DEBUG_INFO = NO;
				MTL_FAST_MATH = YES;
				SDKROOT = iphoneos;
				SWIFT_COMPILATION_MODE = wholemodule;
				VALIDATE_PRODUCT = YES;
			};
			name = Release;
		};
		E4D4CC792C54962A00B594B6 /* Debug */ = {
			isa = XCBuildConfiguration;
			buildSettings = {
				ASSETCATALOG_COMPILER_APPICON_NAME = AppIcon;
				ASSETCATALOG_COMPILER_GLOBAL_ACCENT_COLOR_NAME = AccentColor;
				CODE_SIGN_STYLE = Automatic;
				CURRENT_PROJECT_VERSION = 1;
				DEVELOPMENT_TEAM = RRW6B7FDKR;
				GENERATE_INFOPLIST_FILE = YES;
				INFOPLIST_FILE = ShoppingApp/Info.plist;
				INFOPLIST_KEY_UIApplicationSupportsIndirectInputEvents = YES;
				INFOPLIST_KEY_UILaunchStoryboardName = LaunchScreen;
				INFOPLIST_KEY_UIMainStoryboardFile = Main;
				INFOPLIST_KEY_UISupportedInterfaceOrientations_iPad = "UIInterfaceOrientationPortrait UIInterfaceOrientationPortraitUpsideDown UIInterfaceOrientationLandscapeLeft UIInterfaceOrientationLandscapeRight";
				INFOPLIST_KEY_UISupportedInterfaceOrientations_iPhone = "UIInterfaceOrientationPortrait UIInterfaceOrientationLandscapeLeft UIInterfaceOrientationLandscapeRight";
				LD_RUNPATH_SEARCH_PATHS = (
					"$(inherited)",
					"@executable_path/Frameworks",
				);
				MARKETING_VERSION = 1.0;
				PRODUCT_BUNDLE_IDENTIFIER = com.saibalajik.ShoppingApp;
				PRODUCT_NAME = "$(TARGET_NAME)";
				SWIFT_EMIT_LOC_STRINGS = YES;
				SWIFT_VERSION = 5.0;
				TARGETED_DEVICE_FAMILY = "1,2";
			};
			name = Debug;
		};
		E4D4CC7A2C54962A00B594B6 /* Release */ = {
			isa = XCBuildConfiguration;
			buildSettings = {
				ASSETCATALOG_COMPILER_APPICON_NAME = AppIcon;
				ASSETCATALOG_COMPILER_GLOBAL_ACCENT_COLOR_NAME = AccentColor;
				CODE_SIGN_STYLE = Automatic;
				CURRENT_PROJECT_VERSION = 1;
				DEVELOPMENT_TEAM = RRW6B7FDKR;
				GENERATE_INFOPLIST_FILE = YES;
				INFOPLIST_FILE = ShoppingApp/Info.plist;
				INFOPLIST_KEY_UIApplicationSupportsIndirectInputEvents = YES;
				INFOPLIST_KEY_UILaunchStoryboardName = LaunchScreen;
				INFOPLIST_KEY_UIMainStoryboardFile = Main;
				INFOPLIST_KEY_UISupportedInterfaceOrientations_iPad = "UIInterfaceOrientationPortrait UIInterfaceOrientationPortraitUpsideDown UIInterfaceOrientationLandscapeLeft UIInterfaceOrientationLandscapeRight";
				INFOPLIST_KEY_UISupportedInterfaceOrientations_iPhone = "UIInterfaceOrientationPortrait UIInterfaceOrientationLandscapeLeft UIInterfaceOrientationLandscapeRight";
				LD_RUNPATH_SEARCH_PATHS = (
					"$(inherited)",
					"@executable_path/Frameworks",
				);
				MARKETING_VERSION = 1.0;
				PRODUCT_BUNDLE_IDENTIFIER = com.saibalajik.ShoppingApp;
				PRODUCT_NAME = "$(TARGET_NAME)";
				SWIFT_EMIT_LOC_STRINGS = YES;
				SWIFT_VERSION = 5.0;
				TARGETED_DEVICE_FAMILY = "1,2";
			};
			name = Release;
		};
/* End XCBuildConfiguration section */

/* Begin XCConfigurationList section */
		E4D4CC5C2C54962900B594B6 /* Build configuration list for PBXProject "ShoppingApp" */ = {
			isa = XCConfigurationList;
			buildConfigurations = (
				E4D4CC762C54962A00B594B6 /* Debug */,
				E4D4CC772C54962A00B594B6 /* Release */,
			);
			defaultConfigurationIsVisible = 0;
			defaultConfigurationName = Release;
		};
		E4D4CC782C54962A00B594B6 /* Build configuration list for PBXNativeTarget "ShoppingApp" */ = {
			isa = XCConfigurationList;
			buildConfigurations = (
				E4D4CC792C54962A00B594B6 /* Debug */,
				E4D4CC7A2C54962A00B594B6 /* Release */,
			);
			defaultConfigurationIsVisible = 0;
			defaultConfigurationName = Release;
		};
/* End XCConfigurationList section */

/* Begin XCRemoteSwiftPackageReference section */
		E4AF04872C54BB4B00BDC677 /* XCRemoteSwiftPackageReference "SDWebImage" */ = {
			isa = XCRemoteSwiftPackageReference;
			repositoryURL = "https://github.com/SDWebImage/SDWebImage.git";
			requirement = {
				kind = upToNextMajorVersion;
				minimumVersion = 5.19.5;
			};
		};
/* End XCRemoteSwiftPackageReference section */

/* Begin XCSwiftPackageProductDependency section */
		E4AF04882C54BB4B00BDC677 /* SDWebImage */ = {
			isa = XCSwiftPackageProductDependency;
			package = E4AF04872C54BB4B00BDC677 /* XCRemoteSwiftPackageReference "SDWebImage" */;
			productName = SDWebImage;
		};
/* End XCSwiftPackageProductDependency section */

/* Begin XCVersionGroup section */
		E4D4CC6D2C54962900B594B6 /* ShoppingApp.xcdatamodeld */ = {
			isa = XCVersionGroup;
			children = (
				E4D4CC6E2C54962900B594B6 /* ShoppingApp.xcdatamodel */,
			);
			currentVersion = E4D4CC6E2C54962900B594B6 /* ShoppingApp.xcdatamodel */;
			path = ShoppingApp.xcdatamodeld;
			sourceTree = "<group>";
			versionGroupType = wrapper.xcdatamodel;
		};
/* End XCVersionGroup section */
	};
	rootObject = E4D4CC592C54962900B594B6 /* Project object */;
}
